
Microsoft Visual Studio Solution File, Format Version 12.00
# Visual Studio Version 16
VisualStudioVersion = 16.0.31729.503
MinimumVisualStudioVersion = 10.0.40219.1
Project("{2150E333-8FDC-42A3-9474-1A3956D46DE8}") = "1 - Application", "1 - Application", "{305A2D8B-B88B-41A8-A05F-51DAD28B21C1}"
EndProject
Project("{2150E333-8FDC-42A3-9474-1A3956D46DE8}") = "2 - Service", "2 - Service", "{0C4343EF-ED00-4FDF-8D6D-1E07DCA8C8FF}"
EndProject
Project("{2150E333-8FDC-42A3-9474-1A3956D46DE8}") = "3 - Domain", "3 - Domain", "{BD354C11-8C65-41DB-BDC8-EA10016F934D}"
EndProject
Project("{2150E333-8FDC-42A3-9474-1A3956D46DE8}") = "4 - Infra", "4 - Infra", "{0B26205E-0E27-4D74-9A2B-B81A0766CEEF}"
EndProject
Project("{2150E333-8FDC-42A3-9474-1A3956D46DE8}") = "4 - 1 Data", "4 - 1 Data", "{E2FB0024-27BA-46AC-8865-D4611CDA520C}"
EndProject
Project("{2150E333-8FDC-42A3-9474-1A3956D46DE8}") = "4 - 2 CrossCutting", "4 - 2 CrossCutting", "{0A0F5F9C-A140-4C2C-9ACF-0691EE472ACD}"
EndProject
Project("{9A19103F-16F7-4668-BE54-9A1E7A4F7556}") = "Domain", "Domain\Domain.csproj", "{4413FC5B-DA57-4657-936E-4AADB539F7A4}"
EndProject
Project("{9A19103F-16F7-4668-BE54-9A1E7A4F7556}") = "Service", "Service\Service.csproj", "{42E1D3D4-1CED-4E57-A91E-1E7878436BF6}"
EndProject
Project("{9A19103F-16F7-4668-BE54-9A1E7A4F7556}") = "Data", "Data\Data.csproj", "{ADBBDD71-3BEC-4F6D-BE7C-0249FD9A1021}"
EndProject
Project("{9A19103F-16F7-4668-BE54-9A1E7A4F7556}") = "CrossCutting", "CrossCutting\CrossCutting.csproj", "{79251863-F03A-4E29-B4ED-9D2AC6D4530D}"
EndProject
Project("{FAE04EC0-301F-11D3-BF4B-00C04F79EFBC}") = "WebApi", "WebApi\WebApi.csproj", "{18404F21-2817-4542-94A5-B0DDB1882195}"
EndProject
Global
	GlobalSection(SolutionConfigurationPlatforms) = preSolution
		Debug|Any CPU = Debug|Any CPU
		Release|Any CPU = Release|Any CPU
	EndGlobalSection
	GlobalSection(ProjectConfigurationPlatforms) = postSolution
		{4413FC5B-DA57-4657-936E-4AADB539F7A4}.Debug|Any CPU.ActiveCfg = Debug|Any CPU
		{4413FC5B-DA57-4657-936E-4AADB539F7A4}.Debug|Any CPU.Build.0 = Debug|Any CPU
		{4413FC5B-DA57-4657-936E-4AADB539F7A4}.Release|Any CPU.ActiveCfg = Release|Any CPU
		{4413FC5B-DA57-4657-936E-4AADB539F7A4}.Release|Any CPU.Build.0 = Release|Any CPU
		{42E1D3D4-1CED-4E57-A91E-1E7878436BF6}.Debug|Any CPU.ActiveCfg = Debug|Any CPU
		{42E1D3D4-1CED-4E57-A91E-1E7878436BF6}.Debug|Any CPU.Build.0 = Debug|Any CPU
		{42E1D3D4-1CED-4E57-A91E-1E7878436BF6}.Release|Any CPU.ActiveCfg = Release|Any CPU
		{42E1D3D4-1CED-4E57-A91E-1E7878436BF6}.Release|Any CPU.Build.0 = Release|Any CPU
		{ADBBDD71-3BEC-4F6D-BE7C-0249FD9A1021}.Debug|Any CPU.ActiveCfg = Debug|Any CPU
		{ADBBDD71-3BEC-4F6D-BE7C-0249FD9A1021}.Debug|Any CPU.Build.0 = Debug|Any CPU
		{ADBBDD71-3BEC-4F6D-BE7C-0249FD9A1021}.Release|Any CPU.ActiveCfg = Release|Any CPU
		{ADBBDD71-3BEC-4F6D-BE7C-0249FD9A1021}.Release|Any CPU.Build.0 = Release|Any CPU
		{79251863-F03A-4E29-B4ED-9D2AC6D4530D}.Debug|Any CPU.ActiveCfg = Debug|Any CPU
		{79251863-F03A-4E29-B4ED-9D2AC6D4530D}.Debug|Any CPU.Build.0 = Debug|Any CPU
		{79251863-F03A-4E29-B4ED-9D2AC6D4530D}.Release|Any CPU.ActiveCfg = Release|Any CPU
		{79251863-F03A-4E29-B4ED-9D2AC6D4530D}.Release|Any CPU.Build.0 = Release|Any CPU
		{18404F21-2817-4542-94A5-B0DDB1882195}.Debug|Any CPU.ActiveCfg = Debug|Any CPU
		{18404F21-2817-4542-94A5-B0DDB1882195}.Debug|Any CPU.Build.0 = Debug|Any CPU
		{18404F21-2817-4542-94A5-B0DDB1882195}.Release|Any CPU.ActiveCfg = Release|Any CPU
		{18404F21-2817-4542-94A5-B0DDB1882195}.Release|Any CPU.Build.0 = Release|Any CPU
	EndGlobalSection
	GlobalSection(SolutionProperties) = preSolution
		HideSolutionNode = FALSE
	EndGlobalSection
	GlobalSection(NestedProjects) = preSolution
		{E2FB0024-27BA-46AC-8865-D4611CDA520C} = {0B26205E-0E27-4D74-9A2B-B81A0766CEEF}
		{0A0F5F9C-A140-4C2C-9ACF-0691EE472ACD} = {0B26205E-0E27-4D74-9A2B-B81A0766CEEF}
		{4413FC5B-DA57-4657-936E-4AADB539F7A4} = {BD354C11-8C65-41DB-BDC8-EA10016F934D}
		{42E1D3D4-1CED-4E57-A91E-1E7878436BF6} = {0C4343EF-ED00-4FDF-8D6D-1E07DCA8C8FF}
		{ADBBDD71-3BEC-4F6D-BE7C-0249FD9A1021} = {E2FB0024-27BA-46AC-8865-D4611CDA520C}
		{79251863-F03A-4E29-B4ED-9D2AC6D4530D} = {0A0F5F9C-A140-4C2C-9ACF-0691EE472ACD}
		{18404F21-2817-4542-94A5-B0DDB1882195} = {305A2D8B-B88B-41A8-A05F-51DAD28B21C1}
	EndGlobalSection
	GlobalSection(ExtensibilityGlobals) = postSolution
		SolutionGuid = {BA44B8C1-09CA-4E25-A6A2-BDA3B9C56EAD}
	EndGlobalSection
EndGlobal
